
Microsoft Visual Studio Solution File, Format Version 12.00
# Visual Studio 2012
# Clarion 2.1.0.2447
Project("{12B76EC0-1D7B-4FA7-A7D0-C524288B48A1}") = "PrvWindowBAD", "PrvWindowBAD.cwproj", "{8B6D9C07-933E-4E89-AA17-FE57DC0EF173}"
EndProject
Global
	GlobalSection(SolutionConfigurationPlatforms) = preSolution
		Debug|Win32 = Debug|Win32
		Release|Win32 = Release|Win32
	EndGlobalSection
	GlobalSection(ProjectConfigurationPlatforms) = postSolution
		{8B6D9C07-933E-4E89-AA17-FE57DC0EF173}.Debug|Win32.Build.0 = Debug|Win32
		{8B6D9C07-933E-4E89-AA17-FE57DC0EF173}.Debug|Win32.ActiveCfg = Debug|Win32
		{8B6D9C07-933E-4E89-AA17-FE57DC0EF173}.Release|Win32.Build.0 = Release|Win32
		{8B6D9C07-933E-4E89-AA17-FE57DC0EF173}.Release|Win32.ActiveCfg = Release|Win32
	EndGlobalSection
EndGlobal
