
Microsoft Visual Studio Solution File, Format Version 12.00
# Visual Studio 2012
# Clarion 2.1.0.2447
Project("{12B76EC0-1D7B-4FA7-A7D0-C524288B48A1}") = "CheckStyle", "CheckStyle.cwproj", "{1C087A83-37D0-42B9-8CB3-80AC0EAA3B29}"
EndProject
Global
	GlobalSection(SolutionConfigurationPlatforms) = preSolution
		Debug|Win32 = Debug|Win32
		Release|Win32 = Release|Win32
	EndGlobalSection
	GlobalSection(ProjectConfigurationPlatforms) = postSolution
		{1C087A83-37D0-42B9-8CB3-80AC0EAA3B29}.Debug|Win32.Build.0 = Debug|Win32
		{1C087A83-37D0-42B9-8CB3-80AC0EAA3B29}.Debug|Win32.ActiveCfg = Debug|Win32
		{1C087A83-37D0-42B9-8CB3-80AC0EAA3B29}.Release|Win32.Build.0 = Release|Win32
		{1C087A83-37D0-42B9-8CB3-80AC0EAA3B29}.Release|Win32.ActiveCfg = Release|Win32
	EndGlobalSection
EndGlobal
